
Microsoft Visual Studio Solution File, Format Version 12.00
# Visual Studio Version 17
VisualStudioVersion = 17.0.31919.166
MinimumVisualStudioVersion = 10.0.40219.1
Project("{9A19103F-16F7-4668-BE54-9A1E7A4F7556}") = "Un1ver5e.Bot.III", "Un1ver5e.Bot.III.csproj", "{487C00F1-1488-40B6-ADE9-0CE9B1D08CCF}"
EndProject
Project("{9A19103F-16F7-4668-BE54-9A1E7A4F7556}") = "Un1ver5e.DnD", "..\Un1ver5e.DnD\Un1ver5e.DnD.csproj", "{BEFEE000-B95D-4C6C-814B-01C5A84DE625}"
EndProject
Project("{9A19103F-16F7-4668-BE54-9A1E7A4F7556}") = "Un1ver5e.BoardGames", "..\Un1ver5e.BoardGames.cs\Un1ver5e.BoardGames.csproj", "{03E81C7C-B851-4542-ADA3-375132A6F9A5}"
EndProject
Global
	GlobalSection(SolutionConfigurationPlatforms) = preSolution
		Debug|Any CPU = Debug|Any CPU
		Release|Any CPU = Release|Any CPU
	EndGlobalSection
	GlobalSection(ProjectConfigurationPlatforms) = postSolution
		{487C00F1-1488-40B6-ADE9-0CE9B1D08CCF}.Debug|Any CPU.ActiveCfg = Debug|Any CPU
		{487C00F1-1488-40B6-ADE9-0CE9B1D08CCF}.Debug|Any CPU.Build.0 = Debug|Any CPU
		{487C00F1-1488-40B6-ADE9-0CE9B1D08CCF}.Release|Any CPU.ActiveCfg = Release|Any CPU
		{487C00F1-1488-40B6-ADE9-0CE9B1D08CCF}.Release|Any CPU.Build.0 = Release|Any CPU
		{BEFEE000-B95D-4C6C-814B-01C5A84DE625}.Debug|Any CPU.ActiveCfg = Debug|Any CPU
		{BEFEE000-B95D-4C6C-814B-01C5A84DE625}.Debug|Any CPU.Build.0 = Debug|Any CPU
		{BEFEE000-B95D-4C6C-814B-01C5A84DE625}.Release|Any CPU.ActiveCfg = Release|Any CPU
		{BEFEE000-B95D-4C6C-814B-01C5A84DE625}.Release|Any CPU.Build.0 = Release|Any CPU
		{03E81C7C-B851-4542-ADA3-375132A6F9A5}.Debug|Any CPU.ActiveCfg = Debug|Any CPU
		{03E81C7C-B851-4542-ADA3-375132A6F9A5}.Debug|Any CPU.Build.0 = Debug|Any CPU
		{03E81C7C-B851-4542-ADA3-375132A6F9A5}.Release|Any CPU.ActiveCfg = Release|Any CPU
		{03E81C7C-B851-4542-ADA3-375132A6F9A5}.Release|Any CPU.Build.0 = Release|Any CPU
	EndGlobalSection
	GlobalSection(SolutionProperties) = preSolution
		HideSolutionNode = FALSE
	EndGlobalSection
	GlobalSection(ExtensibilityGlobals) = postSolution
		SolutionGuid = {F869FE7A-09B5-4AD4-93B0-F4FFD96DF31B}
	EndGlobalSection
EndGlobal
